
Microsoft Visual Studio Solution File, Format Version 12.00
# Visual Studio Version 17
VisualStudioVersion = 17.0.32112.339
MinimumVisualStudioVersion = 10.0.40219.1
Project("{8BC9CEB8-8B4A-11D0-8D11-00A0C91BC942}") = "Chess", "Chess\Chess.vcxproj", "{7D2324AA-B179-49DE-9789-79C942FF53A6}"
EndProject
Project("{8BC9CEB8-8B4A-11D0-8D11-00A0C91BC942}") = "Tests", "Tests\Tests.vcxproj", "{3AD66ACA-1E19-496B-865C-0F6ACE2F0820}"
EndProject
Project("{8BC9CEB8-8B4A-11D0-8D11-00A0C91BC942}") = "TestGeneratorFromEPD", "TestGeneratorFromEPD\TestGeneratorFromEPD.vcxproj", "{40DB9EBA-AE6B-406F-BD1F-B315DF08457B}"
EndProject
Global
	GlobalSection(SolutionConfigurationPlatforms) = preSolution
		Debug|x64 = Debug|x64
		Debug|x86 = Debug|x86
		Release|x64 = Release|x64
		Release|x86 = Release|x86
	EndGlobalSection
	GlobalSection(ProjectConfigurationPlatforms) = postSolution
		{7D2324AA-B179-49DE-9789-79C942FF53A6}.Debug|x64.ActiveCfg = Debug|x64
		{7D2324AA-B179-49DE-9789-79C942FF53A6}.Debug|x64.Build.0 = Debug|x64
		{7D2324AA-B179-49DE-9789-79C942FF53A6}.Debug|x86.ActiveCfg = Debug|Win32
		{7D2324AA-B179-49DE-9789-79C942FF53A6}.Debug|x86.Build.0 = Debug|Win32
		{7D2324AA-B179-49DE-9789-79C942FF53A6}.Release|x64.ActiveCfg = Release|x64
		{7D2324AA-B179-49DE-9789-79C942FF53A6}.Release|x64.Build.0 = Release|x64
		{7D2324AA-B179-49DE-9789-79C942FF53A6}.Release|x86.ActiveCfg = Release|Win32
		{7D2324AA-B179-49DE-9789-79C942FF53A6}.Release|x86.Build.0 = Release|Win32
		{3AD66ACA-1E19-496B-865C-0F6ACE2F0820}.Debug|x64.ActiveCfg = Debug|x64
		{3AD66ACA-1E19-496B-865C-0F6ACE2F0820}.Debug|x64.Build.0 = Debug|x64
		{3AD66ACA-1E19-496B-865C-0F6ACE2F0820}.Debug|x86.ActiveCfg = Debug|Win32
		{3AD66ACA-1E19-496B-865C-0F6ACE2F0820}.Debug|x86.Build.0 = Debug|Win32
		{3AD66ACA-1E19-496B-865C-0F6ACE2F0820}.Release|x64.ActiveCfg = Release|x64
		{3AD66ACA-1E19-496B-865C-0F6ACE2F0820}.Release|x64.Build.0 = Release|x64
		{3AD66ACA-1E19-496B-865C-0F6ACE2F0820}.Release|x86.ActiveCfg = Release|Win32
		{3AD66ACA-1E19-496B-865C-0F6ACE2F0820}.Release|x86.Build.0 = Release|Win32
		{40DB9EBA-AE6B-406F-BD1F-B315DF08457B}.Debug|x64.ActiveCfg = Debug|x64
		{40DB9EBA-AE6B-406F-BD1F-B315DF08457B}.Debug|x64.Build.0 = Debug|x64
		{40DB9EBA-AE6B-406F-BD1F-B315DF08457B}.Debug|x86.ActiveCfg = Debug|Win32
		{40DB9EBA-AE6B-406F-BD1F-B315DF08457B}.Debug|x86.Build.0 = Debug|Win32
		{40DB9EBA-AE6B-406F-BD1F-B315DF08457B}.Release|x64.ActiveCfg = Release|x64
		{40DB9EBA-AE6B-406F-BD1F-B315DF08457B}.Release|x64.Build.0 = Release|x64
		{40DB9EBA-AE6B-406F-BD1F-B315DF08457B}.Release|x86.ActiveCfg = Release|Win32
		{40DB9EBA-AE6B-406F-BD1F-B315DF08457B}.Release|x86.Build.0 = Release|Win32
	EndGlobalSection
	GlobalSection(SolutionProperties) = preSolution
		HideSolutionNode = FALSE
	EndGlobalSection
	GlobalSection(ExtensibilityGlobals) = postSolution
		SolutionGuid = {10E85079-B9CC-42B0-A720-250EC68E7256}
	EndGlobalSection
EndGlobal
